
Microsoft Visual Studio Solution File, Format Version 12.00
# Visual Studio Version 17
VisualStudioVersion = 17.13.35931.197
MinimumVisualStudioVersion = 10.0.40219.1
Project("{FAE04EC0-301F-11D3-BF4B-00C04F79EFBC}") = "CaminhoLivre.Infrastructure", "CaminhoLivre.Infrastructure\CaminhoLivre.Infrastructure.csproj", "{A42260DE-FE27-4D94-82F2-B2679F80B1C7}"
EndProject
Project("{FAE04EC0-301F-11D3-BF4B-00C04F79EFBC}") = "CaminhoLivre.Application", "CaminhoLivre.Application\CaminhoLivre.Application.csproj", "{F8453CA1-DE50-407F-B98B-93BD7BAAC81E}"
EndProject
Project("{FAE04EC0-301F-11D3-BF4B-00C04F79EFBC}") = "CaminhoLivre.Modulo.Catalogo", "CaminhoLivre.Modulo.Catalogo\CaminhoLivre.Modulo.Catalogo.csproj", "{6C866DD6-3631-4C0A-89EC-FEB2EF98DE0A}"
EndProject
Global
	GlobalSection(SolutionConfigurationPlatforms) = preSolution
		Debug|Any CPU = Debug|Any CPU
		Release|Any CPU = Release|Any CPU
	EndGlobalSection
	GlobalSection(ProjectConfigurationPlatforms) = postSolution
		{A42260DE-FE27-4D94-82F2-B2679F80B1C7}.Debug|Any CPU.ActiveCfg = Debug|Any CPU
		{A42260DE-FE27-4D94-82F2-B2679F80B1C7}.Debug|Any CPU.Build.0 = Debug|Any CPU
		{A42260DE-FE27-4D94-82F2-B2679F80B1C7}.Release|Any CPU.ActiveCfg = Release|Any CPU
		{A42260DE-FE27-4D94-82F2-B2679F80B1C7}.Release|Any CPU.Build.0 = Release|Any CPU
		{F8453CA1-DE50-407F-B98B-93BD7BAAC81E}.Debug|Any CPU.ActiveCfg = Debug|Any CPU
		{F8453CA1-DE50-407F-B98B-93BD7BAAC81E}.Debug|Any CPU.Build.0 = Debug|Any CPU
		{F8453CA1-DE50-407F-B98B-93BD7BAAC81E}.Release|Any CPU.ActiveCfg = Release|Any CPU
		{F8453CA1-DE50-407F-B98B-93BD7BAAC81E}.Release|Any CPU.Build.0 = Release|Any CPU
		{6C866DD6-3631-4C0A-89EC-FEB2EF98DE0A}.Debug|Any CPU.ActiveCfg = Debug|Any CPU
		{6C866DD6-3631-4C0A-89EC-FEB2EF98DE0A}.Debug|Any CPU.Build.0 = Debug|Any CPU
		{6C866DD6-3631-4C0A-89EC-FEB2EF98DE0A}.Release|Any CPU.ActiveCfg = Release|Any CPU
		{6C866DD6-3631-4C0A-89EC-FEB2EF98DE0A}.Release|Any CPU.Build.0 = Release|Any CPU
	EndGlobalSection
	GlobalSection(SolutionProperties) = preSolution
		HideSolutionNode = FALSE
	EndGlobalSection
	GlobalSection(ExtensibilityGlobals) = postSolution
		SolutionGuid = {4287A756-6F46-4E76-97C1-742DF917B90F}
	EndGlobalSection
EndGlobal
