
Microsoft Visual Studio Solution File, Format Version 12.00
# Visual Studio Version 17
VisualStudioVersion = 17.13.35931.197
MinimumVisualStudioVersion = 10.0.40219.1
Project("{FAE04EC0-301F-11D3-BF4B-00C04F79EFBC}") = "CaminhoLivre.Infrastructure", "CaminhoLivre.Infrastructure\CaminhoLivre.Infrastructure.csproj", "{A42260DE-FE27-4D94-82F2-B2679F80B1C7}"
EndProject
Project("{FAE04EC0-301F-11D3-BF4B-00C04F79EFBC}") = "CaminhoLivre.Modulo.Catalogo", "CaminhoLivre.Modulo.Catalogo\CaminhoLivre.Modulo.Catalogo.csproj", "{6C866DD6-3631-4C0A-89EC-FEB2EF98DE0A}"
EndProject
Project("{FAE04EC0-301F-11D3-BF4B-00C04F79EFBC}") = "CaminhoLivre.Modulo.Catalago.Tests", "CaminhoLivre.Modulo.Catalago.Tests\CaminhoLivre.Modulo.Catalago.Tests.csproj", "{0883B127-821C-457F-9E3F-FDD43976AB20}"
EndProject
Project("{2150E333-8FDC-42A3-9474-1A3956D46DE8}") = "Catalogo", "Catalogo", "{02EA681E-C7D8-13C7-8484-4AC65E1B71E8}"
EndProject
Project("{2150E333-8FDC-42A3-9474-1A3956D46DE8}") = "Compras", "Compras", "{92E846DC-0497-4203-874B-F02549DDD704}"
EndProject
Project("{FAE04EC0-301F-11D3-BF4B-00C04F79EFBC}") = "CaminhoLivre.Modulo.Compras", "CaminhoLivre.Modulo.Compras\CaminhoLivre.Modulo.Compras.csproj", "{33B0E792-F2A9-4254-ABD3-B52433476691}"
EndProject
Project("{FAE04EC0-301F-11D3-BF4B-00C04F79EFBC}") = "CaminhoLivre.Modulo.Compras.Application", "CaminhoLivre.Modulo.Compras.Application\CaminhoLivre.Modulo.Compras.Application.csproj", "{83C9E9C7-1E3F-4979-A843-FEAB7A822144}"
EndProject
Project("{FAE04EC0-301F-11D3-BF4B-00C04F79EFBC}") = "CaminhoLivre.Modulo.Compras.Tests", "CaminhoLivre.Modulo.Compras.Tests\CaminhoLivre.Modulo.Compras.Tests.csproj", "{6EDE7123-E01C-43E4-9006-D12628FBF15C}"
EndProject
Project("{2150E333-8FDC-42A3-9474-1A3956D46DE8}") = "Inventario", "Inventario", "{12A81DBD-4D05-4DC5-8BA4-A0B23F129003}"
EndProject
Project("{FAE04EC0-301F-11D3-BF4B-00C04F79EFBC}") = "CaminhoLivre.Modulo.Inventario", "CaminhoLivre.Modulo.Inventario\CaminhoLivre.Modulo.Inventario.csproj", "{C581584C-16CC-410B-B068-6B02B0575738}"
EndProject
Project("{FAE04EC0-301F-11D3-BF4B-00C04F79EFBC}") = "CaminhoLivre.Modulo.Inventario.Application", "CaminhoLivre.Modulo.Inventario.Aplication\CaminhoLivre.Modulo.Inventario.Application.csproj", "{87581BC8-2CF4-40E7-935A-03284165E6FD}"
EndProject
Project("{2150E333-8FDC-42A3-9474-1A3956D46DE8}") = "Vendas", "Vendas", "{4CC93360-ED1E-4B90-82E1-FCE603B92887}"
EndProject
Project("{FAE04EC0-301F-11D3-BF4B-00C04F79EFBC}") = "CaminhoLivre.Modulo.Vendas", "CaminhoLivre.Modulo.Vendas\CaminhoLivre.Modulo.Vendas.csproj", "{54993B49-0B47-4E74-9D8B-1904011A693A}"
EndProject
Project("{FAE04EC0-301F-11D3-BF4B-00C04F79EFBC}") = "CaminhoLivre.Modulo.Catalogo.Application", "CaminhoLivre.Modulo.Catalago.Application\CaminhoLivre.Modulo.Catalogo.Application.csproj", "{129619A0-A3A4-13FF-64AB-8F6D67A7171D}"
EndProject
Project("{FAE04EC0-301F-11D3-BF4B-00C04F79EFBC}") = "CaminhoLivre.WebApi", "CaminhoLivre.WebApi\CaminhoLivre.WebApi.csproj", "{C412C769-E1E1-444F-A6FC-0EB1AE5A0254}"
EndProject
Global
	GlobalSection(SolutionConfigurationPlatforms) = preSolution
		Debug|Any CPU = Debug|Any CPU
		Release|Any CPU = Release|Any CPU
	EndGlobalSection
	GlobalSection(ProjectConfigurationPlatforms) = postSolution
		{A42260DE-FE27-4D94-82F2-B2679F80B1C7}.Debug|Any CPU.ActiveCfg = Debug|Any CPU
		{A42260DE-FE27-4D94-82F2-B2679F80B1C7}.Debug|Any CPU.Build.0 = Debug|Any CPU
		{A42260DE-FE27-4D94-82F2-B2679F80B1C7}.Release|Any CPU.ActiveCfg = Release|Any CPU
		{A42260DE-FE27-4D94-82F2-B2679F80B1C7}.Release|Any CPU.Build.0 = Release|Any CPU
		{6C866DD6-3631-4C0A-89EC-FEB2EF98DE0A}.Debug|Any CPU.ActiveCfg = Debug|Any CPU
		{6C866DD6-3631-4C0A-89EC-FEB2EF98DE0A}.Debug|Any CPU.Build.0 = Debug|Any CPU
		{6C866DD6-3631-4C0A-89EC-FEB2EF98DE0A}.Release|Any CPU.ActiveCfg = Release|Any CPU
		{6C866DD6-3631-4C0A-89EC-FEB2EF98DE0A}.Release|Any CPU.Build.0 = Release|Any CPU
		{0883B127-821C-457F-9E3F-FDD43976AB20}.Debug|Any CPU.ActiveCfg = Debug|Any CPU
		{0883B127-821C-457F-9E3F-FDD43976AB20}.Debug|Any CPU.Build.0 = Debug|Any CPU
		{0883B127-821C-457F-9E3F-FDD43976AB20}.Release|Any CPU.ActiveCfg = Release|Any CPU
		{0883B127-821C-457F-9E3F-FDD43976AB20}.Release|Any CPU.Build.0 = Release|Any CPU
		{33B0E792-F2A9-4254-ABD3-B52433476691}.Debug|Any CPU.ActiveCfg = Debug|Any CPU
		{33B0E792-F2A9-4254-ABD3-B52433476691}.Debug|Any CPU.Build.0 = Debug|Any CPU
		{33B0E792-F2A9-4254-ABD3-B52433476691}.Release|Any CPU.ActiveCfg = Release|Any CPU
		{33B0E792-F2A9-4254-ABD3-B52433476691}.Release|Any CPU.Build.0 = Release|Any CPU
		{83C9E9C7-1E3F-4979-A843-FEAB7A822144}.Debug|Any CPU.ActiveCfg = Debug|Any CPU
		{83C9E9C7-1E3F-4979-A843-FEAB7A822144}.Debug|Any CPU.Build.0 = Debug|Any CPU
		{83C9E9C7-1E3F-4979-A843-FEAB7A822144}.Release|Any CPU.ActiveCfg = Release|Any CPU
		{83C9E9C7-1E3F-4979-A843-FEAB7A822144}.Release|Any CPU.Build.0 = Release|Any CPU
		{6EDE7123-E01C-43E4-9006-D12628FBF15C}.Debug|Any CPU.ActiveCfg = Debug|Any CPU
		{6EDE7123-E01C-43E4-9006-D12628FBF15C}.Debug|Any CPU.Build.0 = Debug|Any CPU
		{6EDE7123-E01C-43E4-9006-D12628FBF15C}.Release|Any CPU.ActiveCfg = Release|Any CPU
		{6EDE7123-E01C-43E4-9006-D12628FBF15C}.Release|Any CPU.Build.0 = Release|Any CPU
		{C581584C-16CC-410B-B068-6B02B0575738}.Debug|Any CPU.ActiveCfg = Debug|Any CPU
		{C581584C-16CC-410B-B068-6B02B0575738}.Debug|Any CPU.Build.0 = Debug|Any CPU
		{C581584C-16CC-410B-B068-6B02B0575738}.Release|Any CPU.ActiveCfg = Release|Any CPU
		{C581584C-16CC-410B-B068-6B02B0575738}.Release|Any CPU.Build.0 = Release|Any CPU
		{87581BC8-2CF4-40E7-935A-03284165E6FD}.Debug|Any CPU.ActiveCfg = Debug|Any CPU
		{87581BC8-2CF4-40E7-935A-03284165E6FD}.Debug|Any CPU.Build.0 = Debug|Any CPU
		{87581BC8-2CF4-40E7-935A-03284165E6FD}.Release|Any CPU.ActiveCfg = Release|Any CPU
		{87581BC8-2CF4-40E7-935A-03284165E6FD}.Release|Any CPU.Build.0 = Release|Any CPU
		{54993B49-0B47-4E74-9D8B-1904011A693A}.Debug|Any CPU.ActiveCfg = Debug|Any CPU
		{54993B49-0B47-4E74-9D8B-1904011A693A}.Debug|Any CPU.Build.0 = Debug|Any CPU
		{54993B49-0B47-4E74-9D8B-1904011A693A}.Release|Any CPU.ActiveCfg = Release|Any CPU
		{54993B49-0B47-4E74-9D8B-1904011A693A}.Release|Any CPU.Build.0 = Release|Any CPU
		{129619A0-A3A4-13FF-64AB-8F6D67A7171D}.Debug|Any CPU.ActiveCfg = Debug|Any CPU
		{129619A0-A3A4-13FF-64AB-8F6D67A7171D}.Debug|Any CPU.Build.0 = Debug|Any CPU
		{129619A0-A3A4-13FF-64AB-8F6D67A7171D}.Release|Any CPU.ActiveCfg = Release|Any CPU
		{129619A0-A3A4-13FF-64AB-8F6D67A7171D}.Release|Any CPU.Build.0 = Release|Any CPU
		{C412C769-E1E1-444F-A6FC-0EB1AE5A0254}.Debug|Any CPU.ActiveCfg = Debug|Any CPU
		{C412C769-E1E1-444F-A6FC-0EB1AE5A0254}.Debug|Any CPU.Build.0 = Debug|Any CPU
		{C412C769-E1E1-444F-A6FC-0EB1AE5A0254}.Release|Any CPU.ActiveCfg = Release|Any CPU
		{C412C769-E1E1-444F-A6FC-0EB1AE5A0254}.Release|Any CPU.Build.0 = Release|Any CPU
	EndGlobalSection
	GlobalSection(SolutionProperties) = preSolution
		HideSolutionNode = FALSE
	EndGlobalSection
	GlobalSection(NestedProjects) = preSolution
		{6C866DD6-3631-4C0A-89EC-FEB2EF98DE0A} = {02EA681E-C7D8-13C7-8484-4AC65E1B71E8}
		{0883B127-821C-457F-9E3F-FDD43976AB20} = {02EA681E-C7D8-13C7-8484-4AC65E1B71E8}
		{33B0E792-F2A9-4254-ABD3-B52433476691} = {92E846DC-0497-4203-874B-F02549DDD704}
		{83C9E9C7-1E3F-4979-A843-FEAB7A822144} = {92E846DC-0497-4203-874B-F02549DDD704}
		{6EDE7123-E01C-43E4-9006-D12628FBF15C} = {92E846DC-0497-4203-874B-F02549DDD704}
		{C581584C-16CC-410B-B068-6B02B0575738} = {12A81DBD-4D05-4DC5-8BA4-A0B23F129003}
		{87581BC8-2CF4-40E7-935A-03284165E6FD} = {12A81DBD-4D05-4DC5-8BA4-A0B23F129003}
		{54993B49-0B47-4E74-9D8B-1904011A693A} = {4CC93360-ED1E-4B90-82E1-FCE603B92887}
		{129619A0-A3A4-13FF-64AB-8F6D67A7171D} = {02EA681E-C7D8-13C7-8484-4AC65E1B71E8}
	EndGlobalSection
	GlobalSection(ExtensibilityGlobals) = postSolution
		SolutionGuid = {4287A756-6F46-4E76-97C1-742DF917B90F}
	EndGlobalSection
EndGlobal
